github.com/davecgh/go-spew v1.1.0/go.mod h1:J7Y8YcW2NihsgmVo/mv3lAwl/skON4iLHjSsI+c5H38=
github.com/julienschmidt/httprouter v1.3.0 h1:U0609e9tgbseu3rBINet9P48AI/D3oJs4dN7jwJOQ1U=
github.com/julienschmidt/httprouter v1.3.0/go.mod h1:JR6WtHb+2LUe8TCKY3cZOxFyyO8IZAc4RVcycCCAKdM=
github.com/pmezard/go-difflib v1.0.0/go.mod h1:iKH77koFhYxTK1pcRnkKkqfTogsbg7gZNVY4sRDYZ/4=
github.com/shomali11/parallelizer v0.0.0-20180607005021-e11813c22f20/go.mod h1:HjzvRHgN5PGptIqjrdutIoZq4uCAemBTm/bGgnNLGiY=
github.com/shomali11/util v0.0.0-20200329021417-91c54758c87b h1:vtWV9/bCF2tgRxv1R/tEENMwJaR8bXNhUimLMSUMVXw=
github.com/shomali11/util v0.0.0-20200329021417-91c54758c87b/go.mod h1:89COV+EXrLrwQBk6nTUtYS5qVvTa2R0UMWSvUpHaX0Y=
github.com/stretchr/testify v1.2.1/go.mod h1:a8OnRcib4nhh0OaRAV+Yts87kKdq0PP7pXfy6kDkUVs=
